[[package]]
name = "anyio"
version = "3.6.1"
requires_python = ">=3.6.2"
summary = "High level compatibility layer for multiple asynchronous event loop implementations"
dependencies = [
    "idna>=2.8",
    "sniffio>=1.1",
]

[[package]]
name = "boto3"
version = "1.24.78"
requires_python = ">= 3.7"
summary = "The AWS SDK for Python"
dependencies = [
    "botocore<1.28.0,>=1.27.78",
    "jmespath<2.0.0,>=0.7.1",
    "s3transfer<0.7.0,>=0.6.0",
]

[[package]]
name = "botocore"
version = "1.27.78"
requires_python = ">= 3.7"
summary = "Low-level, data-driven core of boto 3."
dependencies = [
    "jmespath<2.0.0,>=0.7.1",
    "python-dateutil<3.0.0,>=2.1",
    "urllib3<1.27,>=1.25.4",
]

[[package]]
name = "certifi"
version = "2022.9.14"
requires_python = ">=3.6"
summary = "Python package for providing Mozilla's CA Bundle."

[[package]]
name = "charset-normalizer"
version = "2.1.1"
requires_python = ">=3.6.0"
summary = "The Real First Universal Charset Detector. Open, modern and actively maintained alternative to Chardet."

[[package]]
name = "dominate"
version = "2.7.0"
requires_python = ">=2.7, !=3.0.*, !=3.1.*, !=3.2.*, !=3.3.*"
summary = "Dominate is a Python library for creating and manipulating HTML documents using an elegant DOM API."

[[package]]
name = "h11"
version = "0.12.0"
requires_python = ">=3.6"
summary = "A pure-Python, bring-your-own-I/O implementation of HTTP/1.1"

[[package]]
name = "httpcore"
version = "0.15.0"
requires_python = ">=3.7"
summary = "A minimal low-level HTTP client."
dependencies = [
    "anyio==3.*",
    "certifi",
    "h11<0.13,>=0.11",
    "sniffio==1.*",
]

[[package]]
name = "httpx"
version = "0.23.0"
requires_python = ">=3.7"
summary = "The next generation HTTP client."
dependencies = [
    "certifi",
    "httpcore<0.16.0,>=0.15.0",
    "rfc3986[idna2008]<2,>=1.3",
    "sniffio",
]

[[package]]
name = "idna"
version = "3.4"
requires_python = ">=3.5"
summary = "Internationalized Domain Names in Applications (IDNA)"

[[package]]
name = "isodate"
version = "0.6.1"
summary = "An ISO 8601 date/time/duration parser and formatter"
dependencies = [
    "six",
]

[[package]]
name = "jmespath"
version = "1.0.1"
requires_python = ">=3.7"
summary = "JSON Matching Expressions"

[[package]]
name = "markdown"
version = "3.4.1"
requires_python = ">=3.7"
summary = "Python implementation of Markdown."

[[package]]
name = "pylode"
version = "3.0.4"
requires_python = ">=3.9,<4.0"
summary = "An OWL ontology documentation tool using Python, based on LODE."
dependencies = [
    "Markdown<4.0.0,>=3.3.7",
    "dominate<3.0.0,>=2.6.0",
    "rdflib<7.0.0,>=6.1.1",
]

[[package]]
name = "pyparsing"
version = "3.0.9"
requires_python = ">=3.6.8"
summary = "pyparsing module - Classes and methods to define and execute parsing grammars"

[[package]]
name = "python-dateutil"
version = "2.8.2"
requires_python = "!=3.0.*,!=3.1.*,!=3.2.*,>=2.7"
summary = "Extensions to the standard Python datetime module"
dependencies = [
    "six>=1.5",
]

[[package]]
name = "rdflib"
version = "6.2.0"
requires_python = ">=3.7"
summary = "RDFLib is a Python library for working with RDF, a simple yet powerful language for representing information."
dependencies = [
    "isodate",
    "pyparsing",
    "setuptools",
]

[[package]]
name = "rdfx"
version = "0.4.4"
requires_python = ">=3.8,<4.0"
git = "https://github.com/charlesvardeman/rdfx.git"
revision = "878c65c400d627eb6755a1a7c8025970afeeca48"
summary = "Tools for converting, merging, persisting and reading RDF data in different formats."
dependencies = [
    "boto3<2.0.0,>=1.20.20",
    "httpx<1.0.0,>=0.20.0",
    "rdflib<7.0.0,>=6.0.2",
    "requests<3.0.0,>=2.26.0",
]

[[package]]
name = "requests"
version = "2.28.1"
requires_python = ">=3.7, <4"
summary = "Python HTTP for Humans."
dependencies = [
    "certifi>=2017.4.17",
    "charset-normalizer<3,>=2",
    "idna<4,>=2.5",
    "urllib3<1.27,>=1.21.1",
]

[[package]]
name = "rfc3986"
version = "1.5.0"
summary = "Validating URI References per RFC 3986"

[[package]]
name = "rfc3986"
version = "1.5.0"
extras = ["idna2008"]
summary = "Validating URI References per RFC 3986"
dependencies = [
    "idna",
    "rfc3986==1.5.0",
]

[[package]]
name = "s3transfer"
version = "0.6.0"
requires_python = ">= 3.7"
summary = "An Amazon S3 Transfer Manager"
dependencies = [
    "botocore<2.0a.0,>=1.12.36",
]

[[package]]
name = "setuptools"
version = "65.3.0"
requires_python = ">=3.7"
summary = "Easily download, build, install, upgrade, and uninstall Python packages"

[[package]]
name = "six"
version = "1.16.0"
requires_python = ">=2.7, !=3.0.*, !=3.1.*, !=3.2.*"
summary = "Python 2 and 3 compatibility utilities"

[[package]]
name = "sniffio"
version = "1.3.0"
requires_python = ">=3.7"
summary = "Sniff out which async library your code is running under"

[[package]]
name = "urllib3"
version = "1.26.12"
requires_python = ">=2.7, !=3.0.*, !=3.1.*, !=3.2.*, !=3.3.*, !=3.4.*, !=3.5.*, <4"
summary = "HTTP library with thread-safe connection pooling, file post, and more."

[metadata]
lock_version = "4.0"
content_hash = "sha256:169bb4705719b2cded50ef351a2ba88753a61bec75dd84d47155a787fe47ae95"

[metadata.files]
"anyio 3.6.1" = [
    {url = "https://files.pythonhosted.org/packages/0f/60/ae005e0c88703f49c2047af8e83ede692704577599c4e488cc6e9ef7ffb6/anyio-3.3.3.tar.gz", hash = "sha256:8eccec339cb4a856c94a75d50fc1d451faf32a05ef406be462e2efc59c9838b0"},
    {url = "https://files.pythonhosted.org/packages/15/34/2e0a5d81a92f29d6e90f096182612411955677eb80986c745bdeb7326424/anyio-3.0.1.tar.gz", hash = "sha256:1ef7622396ab55829d4236a6f75e2199df6d26a4ba79bea0cb942a5fd2f79a23"},
    {url = "https://files.pythonhosted.org/packages/23/75/8d31e0de8c87cb17aecde237def16383569737ae9e15d99ac54eafc61f78/anyio-3.0.1-py3-none-any.whl", hash = "sha256:ed71f7542ef39875b65def219794d9dcb0a48c571317b13612c12b1f292701b5"},
    {url = "https://files.pythonhosted.org/packages/2b/e3/f23b7986619c7de90f63b1ac898074ddd9641e70e1677eec3d9f40969aa3/anyio-3.6.0.tar.gz", hash = "sha256:056bd22787f4bc59cb6d9a6873929618c2233d64903eed64177070fd072bd9ca"},
    {url = "https://files.pythonhosted.org/packages/2f/c0/33f00b43a3bc47ce8214863d5d75b250fb6901fb83f3c41f1081f6a3558a/anyio-3.2.0-py3-none-any.whl", hash = "sha256:89e19b1498c8a6f12277e0bd2949597e445aa1b14361fbab2c36943639ef5190"},
    {url = "https://files.pythonhosted.org/packages/39/91/871a857350359cc2f399763fa0865aec4de5d12845261dcbf5a8ebf1b8b8/anyio-3.1.0.tar.gz", hash = "sha256:43e20711a9d003d858d694c12356dc44ab82c03ccc5290313c3392fa349dad0e"},
    {url = "https://files.pythonhosted.org/packages/3b/49/ebee263b69fe243bd1fd0a88bc6bb0f7732bf1794ba3273cb446351f9482/anyio-3.0.0-py3-none-any.whl", hash = "sha256:e71c3d9d72291d12056c0265d07c6bbedf92332f78573e278aeb116f24f30395"},
    {url = "https://files.pythonhosted.org/packages/4f/d0/b957c0679a9bd0ed334e2e584102f077c3e703f83d099464c3d9569b7c8a/anyio-3.5.0.tar.gz", hash = "sha256:a0aeffe2fb1fdf374a8e4b471444f0f3ac4fb9f5a5b542b48824475e0042a5a6"},
    {url = "https://files.pythonhosted.org/packages/58/92/29df8cc2d38a54c1db0074bc745109b30edbcccf3ebac7c3c82c63cd692c/anyio-3.3.0.tar.gz", hash = "sha256:ae57a67583e5ff8b4af47666ff5651c3732d45fd26c929253748e796af860374"},
    {url = "https://files.pythonhosted.org/packages/5a/8c/6712b0aebe9b250736ec5dde99883b143290b49ecc2310eb583577e316aa/anyio-3.2.1-py3-none-any.whl", hash = "sha256:442678a3c7e1cdcdbc37dcfe4527aa851b1b0c9162653b516e9f509821691d50"},
    {url = "https://files.pythonhosted.org/packages/66/02/ca9061e93c487a897859e3a41f6c1a4f494038d2791382169b9a0c528175/anyio-3.3.4.tar.gz", hash = "sha256:67da67b5b21f96b9d3d65daa6ea99f5d5282cb09f50eb4456f8fb51dffefc3ff"},
    {url = "https://files.pythonhosted.org/packages/67/c4/fd50bbb2fb72532a4b778562e28ba581da15067cfb2537dbd3a2e64689c1/anyio-3.6.1.tar.gz", hash = "sha256:413adf95f93886e442aea925f3ee43baa5a765a64a0f52c6081894f9992fdd0b"},
    {url = "https://files.pythonhosted.org/packages/72/47/0c30d51c30d23eecead360e8624ad3972ebd8f9933265a91fca1372d37cf/anyio-3.1.0-py3-none-any.whl", hash = "sha256:5e335cef65fbd1a422bbfbb4722e8e9a9fadbd8c06d5afe9cd614d12023f6e5a"},
    {url = "https://files.pythonhosted.org/packages/89/c7/76b61d971bd463ed32d093c61a70d757a8edd7f7baaec0bdabc64ed9f376/anyio-3.3.2-py3-none-any.whl", hash = "sha256:c32da314c510b34a862f5afeaf8a446ffed2c2fde21583e654bd71ecfb5b744b"},
    {url = "https://files.pythonhosted.org/packages/94/72/c728ad9e34f53be06f4dfbff4d511907bafb46920f10dc34836e58bd6894/anyio-3.3.0-py3-none-any.whl", hash = "sha256:929a6852074397afe1d989002aa96d457e3e1e5441357c60d03e7eea0e65e1b0"},
    {url = "https://files.pythonhosted.org/packages/98/3e/1432e7d8d9f71676d6638b4feb6285f53575239f7b527a95e85b7e888bba/anyio-3.3.1-py3-none-any.whl", hash = "sha256:d7c604dd491eca70e19c78664d685d5e4337612d574419d503e76f5d7d1590bd"},
    {url = "https://files.pythonhosted.org/packages/99/0d/65165f99e5f4f3b4c43a5ed9db0fb7aa655f5a58f290727a30528a87eb45/anyio-3.0.0.tar.gz", hash = "sha256:b553598332c050af19f7d41f73a7790142f5bc3d5eb8bd82f5e515ec22019bd9"},
    {url = "https://files.pythonhosted.org/packages/a4/37/76e3079bec52878b6ab45f55f9f7b2b9d6aa1458cdb018ae42594e0a5909/anyio-3.2.0.tar.gz", hash = "sha256:41c4be842c284222b197a625d76a7ab85adf9d52788f563172fe180c2744b6c1"},
    {url = "https://files.pythonhosted.org/packages/a9/9a/36fca955726d572827b0f8b039a544311c362b55868fbc265bac7455e166/anyio-3.3.3-py3-none-any.whl", hash = "sha256:56ceaeed2877723578b1341f4f68c29081db189cfb40a97d1922b9513f6d7db6"},
    {url = "https://files.pythonhosted.org/packages/ad/0a/919c040f061bc31f604ee8275ada8fa9f6f237425010afa523e429a04a45/anyio-3.4.0-py3-none-any.whl", hash = "sha256:2855a9423524abcdd652d942f8932fda1735210f77a6b392eafd9ff34d3fe020"},
    {url = "https://files.pythonhosted.org/packages/b1/ae/9a8af72d6f0c551943903eefcf93c3a29898fb7b594603c0d70679c199b1/anyio-3.5.0-py3-none-any.whl", hash = "sha256:b5fa16c5ff93fa1046f2eeb5bbff2dad4d3514d6cda61d02816dba34fa8c3c2e"},
    {url = "https://files.pythonhosted.org/packages/bf/3f/4d9972a2190759ac2a576c8fa8b64102a11932ccfb10ed928a116e283f5c/anyio-3.3.2.tar.gz", hash = "sha256:0b993a2ef6c1dc456815c2b5ca2819f382f20af98087cc2090a4afed3a501436"},
    {url = "https://files.pythonhosted.org/packages/c3/22/4cba7e1b4f45ffbefd2ca817a6800ba1c671c26f288d7705f20289872012/anyio-3.6.1-py3-none-any.whl", hash = "sha256:cb29b9c70620506a9a8f87a309591713446953302d7d995344d0d7c6c0c9a7be"},
    {url = "https://files.pythonhosted.org/packages/d9/f5/180f7b4c3b2fcdc79e8f71c71c7c3de575d5d08bdb27ee145d23801539db/anyio-3.3.1.tar.gz", hash = "sha256:85913b4e2fec030e8c72a8f9f98092eeb9e25847a6e00d567751b77e34f856fe"},
    {url = "https://files.pythonhosted.org/packages/dc/e7/7452227e8c091db6838d7f1b50dc4e6323e8463ed8c2d0b651ac9b7f7fce/anyio-3.4.0.tar.gz", hash = "sha256:24adc69309fb5779bc1e06158e143e0b6d2c56b302a3ac3de3083c705a6ed39d"},
    {url = "https://files.pythonhosted.org/packages/e6/bc/832d33ddcf7bcfdfa73cd1780847726dee4581adac9d4ca975feb8e7662c/anyio-3.3.4-py3-none-any.whl", hash = "sha256:4fd09a25ab7fa01d34512b7249e366cd10358cdafc95022c7ff8c8f8a5026d66"},
    {url = "https://files.pythonhosted.org/packages/f4/17/86c924b1371353f785e1515b830e118fcd46880ae8d7a7b11116e5f81d6f/anyio-3.6.0-py3-none-any.whl", hash = "sha256:5bd42d66c9c382e657c9acba60f9459d747c192513e76dcae8b1c611e55174ef"},
    {url = "https://files.pythonhosted.org/packages/ff/b7/9730df0dd70a2d77bc03fb5e3dca62735fc6b39719a62eb7785ef070d07e/anyio-3.2.1.tar.gz", hash = "sha256:07968db9fa7c1ca5435a133dc62f988d84ef78e1d9b22814a59d1c62618afbc5"},
]
"boto3 1.24.78" = [
    {url = "https://files.pythonhosted.org/packages/68/02/4b54cf30d200058b0e80f9cca789cea1aa3fca079ce8850bcf546e036cd6/boto3-1.24.78.tar.gz", hash = "sha256:da672d9133852dbb36ce9cd156dffcb28a2dc098af1731791ab614969a34f9f5"},
    {url = "https://files.pythonhosted.org/packages/e5/75/1da0fd95b55953da016ac8e5a4b82dff4e912620c27b54474e075daae5f4/boto3-1.24.78-py3-none-any.whl", hash = "sha256:d141f18d0ec63bc89e0f3d24f269b4f2e18377f1c5e39c56152d4cfd8e6c6ff7"},
]
"botocore 1.27.78" = [
    {url = "https://files.pythonhosted.org/packages/7e/b1/83db19ff165ddb463e774e89b5a587e4c7c72bbf94519cf1e1cb27d1b5eb/botocore-1.27.78-py3-none-any.whl", hash = "sha256:fc2ffdafce66c051c69ae6ac50599d6da11e84371c704ae9b7cf9e2742a4dc77"},
    {url = "https://files.pythonhosted.org/packages/d5/d8/3b4f537c10d56ed76aaaa75abad1f79ab9221f82956cd33fc6bda87d1618/botocore-1.27.78.tar.gz", hash = "sha256:b45ae0680699ce100386ac1478e03fd3f29ef22d6bfb5a19169ffee6e67c5293"},
]
"certifi 2022.9.14" = [
    {url = "https://files.pythonhosted.org/packages/6a/34/cd29f4dd8a23ce45f2b8ce9631ff2d4205fb74eddb412a3dc4fd1e4aa800/certifi-2022.9.14-py3-none-any.whl", hash = "sha256:e232343de1ab72c2aa521b625c80f699e356830fd0e2c620b465b304b17b0516"},
    {url = "https://files.pythonhosted.org/packages/ca/48/88ec470f8b68319b6782ca3a0570789886ad5ca24c1af2f3771699135baa/certifi-2022.9.14.tar.gz", hash = "sha256:36973885b9542e6bd01dea287b2b4b3b21236307c56324fcc3f1160f2d655ed5"},
]
"charset-normalizer 2.1.1" = [
    {url = "https://files.pythonhosted.org/packages/a1/34/44964211e5410b051e4b8d2869c470ae8a68ae274953b1c7de6d98bbcf94/charset-normalizer-2.1.1.tar.gz", hash = "sha256:5a3d016c7c547f69d6f81fb0db9449ce888b418b5b9952cc5e6e66843e9dd845"},
    {url = "https://files.pythonhosted.org/packages/db/51/a507c856293ab05cdc1db77ff4bc1268ddd39f29e7dc4919aa497f0adbec/charset_normalizer-2.1.1-py3-none-any.whl", hash = "sha256:83e9a75d1911279afd89352c68b45348559d1fc0506b054b346651b5e7fee29f"},
]
"dominate 2.7.0" = [
    {url = "https://files.pythonhosted.org/packages/12/d7/5e5f50f5d5bdd4282d2a70b9479c1d91d6628bebd4829e455cdf7366a92e/dominate-2.7.0.tar.gz", hash = "sha256:520101360892ebf9d0553f67d37e359ff92403d8a1e33814030503088a05da49"},
    {url = "https://files.pythonhosted.org/packages/fe/71/273f51cd3be1d3279ce3fc63bb46bdb4a82bb9445e9684100618124f9920/dominate-2.7.0-py2.py3-none-any.whl", hash = "sha256:5fe4258614687c6d3de67b0bbd881ed435a93a19742ae187344055db17052402"},
]
"h11 0.12.0" = [
    {url = "https://files.pythonhosted.org/packages/60/0f/7a0eeea938eaf61074f29fed9717f2010e8d0e0905d36b38d3275a1e4622/h11-0.12.0-py3-none-any.whl", hash = "sha256:36a3cb8c0a032f56e2da7084577878a035d3b61d104230d4bd49c0c6b555a9c6"},
    {url = "https://files.pythonhosted.org/packages/bd/e9/72c3dc8f7dd7874812be6a6ec788ba1300bfe31570963a7e788c86280cb9/h11-0.12.0.tar.gz", hash = "sha256:47222cb6067e4a307d535814917cd98fd0a57b6788ce715755fa2b6c28b56042"},
]
"httpcore 0.15.0" = [
    {url = "https://files.pythonhosted.org/packages/42/98/44c3e51a0655eae75adefee028c9bada7427a90f63105e54f5e735946f50/httpcore-0.15.0.tar.gz", hash = "sha256:18b68ab86a3ccf3e7dc0f43598eaddcf472b602aba29f9aa6ab85fe2ada3980b"},
    {url = "https://files.pythonhosted.org/packages/ad/b9/260603ca0913072a10a4367c2dca9998706812a8c1f4558eca510f85ae16/httpcore-0.15.0-py3-none-any.whl", hash = "sha256:1105b8b73c025f23ff7c36468e4432226cbb959176eab66864b8e31c4ee27fa6"},
]
"httpx 0.23.0" = [
    {url = "https://files.pythonhosted.org/packages/43/cd/677173d194b4839e5b196709e3819ffca2a4bc58b0538f4ae4be877ad480/httpx-0.23.0.tar.gz", hash = "sha256:f28eac771ec9eb4866d3fb4ab65abd42d38c424739e80c08d8d20570de60b0ef"},
    {url = "https://files.pythonhosted.org/packages/e9/fd/d8ff4bbf7ade1c9d60b53bf8234b44dcb2a9fcc7ae6933ae80ba38582f3e/httpx-0.23.0-py3-none-any.whl", hash = "sha256:42974f577483e1e932c3cdc3cd2303e883cbfba17fe228b0f63589764d7b9c4b"},
]
"idna 3.4" = [
    {url = "https://files.pythonhosted.org/packages/8b/e1/43beb3d38dba6cb420cefa297822eac205a277ab43e5ba5d5c46faf96438/idna-3.4.tar.gz", hash = "sha256:814f528e8dead7d329833b91c5faa87d60bf71824cd12a7530b5526063d02cb4"},
    {url = "https://files.pythonhosted.org/packages/fc/34/3030de6f1370931b9dbb4dad48f6ab1015ab1d32447850b9fc94e60097be/idna-3.4-py3-none-any.whl", hash = "sha256:90b77e79eaa3eba6de819a0c442c0b4ceefc341a7a2ab77d7562bf49f425c5c2"},
]
"isodate 0.6.1" = [
    {url = "https://files.pythonhosted.org/packages/b6/85/7882d311924cbcfc70b1890780763e36ff0b140c7e51c110fc59a532f087/isodate-0.6.1-py2.py3-none-any.whl", hash = "sha256:0751eece944162659049d35f4f549ed815792b38793f07cf73381c1c87cbed96"},
    {url = "https://files.pythonhosted.org/packages/db/7a/c0a56c7d56c7fa723988f122fa1f1ccf8c5c4ccc48efad0d214b49e5b1af/isodate-0.6.1.tar.gz", hash = "sha256:48c5881de7e8b0a0d648cb024c8062dc84e7b840ed81e864c7614fd3c127bde9"},
]
"jmespath 1.0.1" = [
    {url = "https://files.pythonhosted.org/packages/00/2a/e867e8531cf3e36b41201936b7fa7ba7b5702dbef42922193f05c8976cd6/jmespath-1.0.1.tar.gz", hash = "sha256:90261b206d6defd58fdd5e85f478bf633a2901798906be2ad389150c5c60edbe"},
    {url = "https://files.pythonhosted.org/packages/31/b4/b9b800c45527aadd64d5b442f9b932b00648617eb5d63d2c7a6587b7cafc/jmespath-1.0.1-py3-none-any.whl", hash = "sha256:02e2e4cc71b5bcab88332eebf907519190dd9e6e82107fa7f83b1003a6252980"},
]
"markdown 3.4.1" = [
    {url = "https://files.pythonhosted.org/packages/85/7e/133e943e97a943d2f1d8bae0c5060f8ac50e6691754eb9dbe036b047a9bb/Markdown-3.4.1.tar.gz", hash = "sha256:3b809086bb6efad416156e00a0da66fe47618a5d6918dd688f53f40c8e4cfeff"},
    {url = "https://files.pythonhosted.org/packages/86/be/ad281f7a3686b38dd8a307fa33210cdf2130404dfef668a37a4166d737ca/Markdown-3.4.1-py3-none-any.whl", hash = "sha256:08fb8465cffd03d10b9dd34a5c3fea908e20391a2a90b88d66362cb05beed186"},
]
"pylode 3.0.4" = [
    {url = "https://files.pythonhosted.org/packages/8c/41/6a3ec5b23f69e50460e833543144353bbc496a49b6a17ace175580ae341e/pylode-3.0.4.tar.gz", hash = "sha256:d8772b698483a48ce24e8035f75b6836f0fec96b2a694da29c2c98f0401a7948"},
    {url = "https://files.pythonhosted.org/packages/a0/33/f5a4c8719af8ddc0623d56a2b13122efb1042eb9f9d9e8e83cc88e6473c7/pylode-3.0.4-py3-none-any.whl", hash = "sha256:2cd899b847a78767825bc318db5e6f158f38bf143cc802e8c57961cd289b9f62"},
]
"pyparsing 3.0.9" = [
    {url = "https://files.pythonhosted.org/packages/6c/10/a7d0fa5baea8fe7b50f448ab742f26f52b80bfca85ac2be9d35cdd9a3246/pyparsing-3.0.9-py3-none-any.whl", hash = "sha256:5026bae9a10eeaefb61dab2f09052b9f4307d44aee4eda64b309723d8d206bbc"},
    {url = "https://files.pythonhosted.org/packages/71/22/207523d16464c40a0310d2d4d8926daffa00ac1f5b1576170a32db749636/pyparsing-3.0.9.tar.gz", hash = "sha256:2b020ecf7d21b687f219b71ecad3631f644a47f01403fa1d1036b0c6416d70fb"},
]
"python-dateutil 2.8.2" = [
    {url = "https://files.pythonhosted.org/packages/36/7a/87837f39d0296e723bb9b62bbb257d0355c7f6128853c78955f57342a56d/python_dateutil-2.8.2-py2.py3-none-any.whl", hash = "sha256:961d03dc3453ebbc59dbdea9e4e11c5651520a876d0f4db161e8674aae935da9"},
    {url = "https://files.pythonhosted.org/packages/4c/c4/13b4776ea2d76c115c1d1b84579f3764ee6d57204f6be27119f13a61d0a9/python-dateutil-2.8.2.tar.gz", hash = "sha256:0123cacc1627ae19ddf3c27a5de5bd67ee4586fbdd6440d9748f8abb483d3e86"},
]
"rdflib 6.2.0" = [
    {url = "https://files.pythonhosted.org/packages/50/fb/a0f8b6ab6598b49871a48a189dc1942fb0b0543ab4c84f689486233ef1ec/rdflib-6.2.0-py3-none-any.whl", hash = "sha256:85c34a86dfc517a41e5f2425a41a0aceacc23983462b32e68610b9fad1383bca"},
    {url = "https://files.pythonhosted.org/packages/fc/8d/2d1c8a08471b4333657c98a3048642095f844f10cd1d4e28f9b08725c7bd/rdflib-6.2.0.tar.gz", hash = "sha256:62dc3c86d1712db0f55785baf8047f63731fa59b2682be03219cb89262065942"},
]
"requests 2.28.1" = [
    {url = "https://files.pythonhosted.org/packages/a5/61/a867851fd5ab77277495a8709ddda0861b28163c4613b011bc00228cc724/requests-2.28.1.tar.gz", hash = "sha256:7c5599b102feddaa661c826c56ab4fee28bfd17f5abca1ebbe3e7f19d7c97983"},
    {url = "https://files.pythonhosted.org/packages/ca/91/6d9b8ccacd0412c08820f72cebaa4f0c0441b5cda699c90f618b6f8a1b42/requests-2.28.1-py3-none-any.whl", hash = "sha256:8fefa2a1a1365bf5520aac41836fbee479da67864514bdb821f31ce07ce65349"},
]
"rfc3986 1.5.0" = [
    {url = "https://files.pythonhosted.org/packages/79/30/5b1b6c28c105629cc12b33bdcbb0b11b5bb1880c6cfbd955f9e792921aa8/rfc3986-1.5.0.tar.gz", hash = "sha256:270aaf10d87d0d4e095063c65bf3ddbc6ee3d0b226328ce21e036f946e421835"},
    {url = "https://files.pythonhosted.org/packages/c4/e5/63ca2c4edf4e00657584608bee1001302bbf8c5f569340b78304f2f446cb/rfc3986-1.5.0-py2.py3-none-any.whl", hash = "sha256:a86d6e1f5b1dc238b218b012df0aa79409667bb209e58da56d0b94704e712a97"},
]
"s3transfer 0.6.0" = [
    {url = "https://files.pythonhosted.org/packages/5e/c6/af903b5fab3f9b5b1e883f49a770066314c6dcceb589cf938d48c89556c1/s3transfer-0.6.0-py3-none-any.whl", hash = "sha256:06176b74f3a15f61f1b4f25a1fc29a4429040b7647133a463da8fa5bd28d5ecd"},
    {url = "https://files.pythonhosted.org/packages/e1/eb/e57c93d5cd5edf8c1d124c831ef916601540db70acd96fa21fe60cef1365/s3transfer-0.6.0.tar.gz", hash = "sha256:2ed07d3866f523cc561bf4a00fc5535827981b117dd7876f036b0c1aca42c947"},
]
"setuptools 65.3.0" = [
    {url = "https://files.pythonhosted.org/packages/cc/83/7ea9d9b3a6ff3225aca2fce5e4df373bee7e0a74c539711a4fbfda53374f/setuptools-65.3.0.tar.gz", hash = "sha256:7732871f4f7fa58fb6bdcaeadb0161b2bd046c85905dbaa066bdcbcc81953b57"},
    {url = "https://files.pythonhosted.org/packages/d9/5f/2daccd14278b6b780ae6799f85998377c06019354982391245f4b58a927d/setuptools-65.3.0-py3-none-any.whl", hash = "sha256:2e24e0bec025f035a2e72cdd1961119f557d78ad331bb00ff82efb2ab8da8e82"},
]
"six 1.16.0" = [
    {url = "https://files.pythonhosted.org/packages/71/39/171f1c67cd00715f190ba0b100d606d440a28c93c7714febeca8b79af85e/six-1.16.0.tar.gz", hash = "sha256:1e61c37477a1626458e36f7b1d82aa5c9b094fa4802892072e49de9c60c4c926"},
    {url = "https://files.pythonhosted.org/packages/d9/5a/e7c31adbe875f2abbb91bd84cf2dc52d792b5a01506781dbcf25c91daf11/six-1.16.0-py2.py3-none-any.whl", hash = "sha256:8abb2f1d86890a2dfb989f9a77cfcfd3e47c2a354b01111771326f8aa26e0254"},
]
"sniffio 1.3.0" = [
    {url = "https://files.pythonhosted.org/packages/c3/a0/5dba8ed157b0136607c7f2151db695885606968d1fae123dc3391e0cfdbf/sniffio-1.3.0-py3-none-any.whl", hash = "sha256:eecefdce1e5bbfb7ad2eeaabf7c1eeb404d7757c379bd1f7e5cce9d8bf425384"},
    {url = "https://files.pythonhosted.org/packages/cd/50/d49c388cae4ec10e8109b1b833fd265511840706808576df3ada99ecb0ac/sniffio-1.3.0.tar.gz", hash = "sha256:e60305c5e5d314f5389259b7f22aaa33d8f7dee49763119234af3755c55b9101"},
]
"urllib3 1.26.12" = [
    {url = "https://files.pythonhosted.org/packages/6f/de/5be2e3eed8426f871b170663333a0f627fc2924cc386cd41be065e7ea870/urllib3-1.26.12-py2.py3-none-any.whl", hash = "sha256:b930dd878d5a8afb066a637fbb35144fe7901e3b209d1cd4f524bd0e9deee997"},
    {url = "https://files.pythonhosted.org/packages/b2/56/d87d6d3c4121c0bcec116919350ca05dc3afd2eeb7dc88d07e8083f8ea94/urllib3-1.26.12.tar.gz", hash = "sha256:3fa96cf423e6987997fc326ae8df396db2a8b7c667747d47ddd8ecba91f4a74e"},
]
